// !$*UTF8*$!
{
	archiveVersion = 1;
	classes = {
	};
	objectVersion = 56;
	objects = {

/* Begin PBXBuildFile section */
		6BCEABB72C6111C800AD6F9E /* Assets.xcassets in Resources */ = {isa = PBXBuildFile; fileRef = 6BCEABB62C6111C800AD6F9E /* Assets.xcassets */; };
		6BCEABCA2C6111E700AD6F9E /* FlowDetailView.swift in Sources */ = {isa = PBXBuildFile; fileRef = 6BCEABB92C6111E700AD6F9E /* FlowDetailView.swift */; };
		6BCEABCB2C6111E700AD6F9E /* FlowsTableView.swift in Sources */ = {isa = PBXBuildFile; fileRef = 6BCEABBA2C6111E700AD6F9E /* FlowsTableView.swift */; };
		6BCEABCC2C6111E700AD6F9E /* HomeView.swift in Sources */ = {isa = PBXBuildFile; fileRef = 6BCEABBB2C6111E700AD6F9E /* HomeView.swift */; };
		6BCEABCD2C6111E700AD6F9E /* SettingsView.swift in Sources */ = {isa = PBXBuildFile; fileRef = 6BCEABBC2C6111E700AD6F9E /* SettingsView.swift */; };
		6BCEABCE2C6111E700AD6F9E /* Preview Assets.xcassets in Resources */ = {isa = PBXBuildFile; fileRef = 6BCEABBE2C6111E700AD6F9E /* Preview Assets.xcassets */; };
		6BCEABCF2C6111E700AD6F9E /* CashflowApp.swift in Sources */ = {isa = PBXBuildFile; fileRef = 6BCEABC02C6111E700AD6F9E /* CashflowApp.swift */; };
		6BCEABD02C6111E700AD6F9E /* DocumentPicker.swift in Sources */ = {isa = PBXBuildFile; fileRef = 6BCEABC22C6111E700AD6F9E /* DocumentPicker.swift */; };
		6BCEABD12C6111E700AD6F9E /* Flow.swift in Sources */ = {isa = PBXBuildFile; fileRef = 6BCEABC32C6111E700AD6F9E /* Flow.swift */; };
		6BCEABD22C6111E700AD6F9E /* FlowStore.swift in Sources */ = {isa = PBXBuildFile; fileRef = 6BCEABC42C6111E700AD6F9E /* FlowStore.swift */; };
		6BCEABD32C6111E700AD6F9E /* AddNewFlow.swift in Sources */ = {isa = PBXBuildFile; fileRef = 6BCEABC62C6111E700AD6F9E /* AddNewFlow.swift */; };
		6BCEABD42C6111E700AD6F9E /* TotalAmount.swift in Sources */ = {isa = PBXBuildFile; fileRef = 6BCEABC72C6111E700AD6F9E /* TotalAmount.swift */; };
/* End PBXBuildFile section */

/* Begin PBXFileReference section */
		6B43E6A62C6111800022ADA6 /* Cashflowing.app */ = {isa = PBXFileReference; explicitFileType = wrapper.application; includeInIndex = 0; path = Cashflowing.app; sourceTree = BUILT_PRODUCTS_DIR; };
		6BCEABB62C6111C800AD6F9E /* Assets.xcassets */ = {isa = PBXFileReference; lastKnownFileType = folder.assetcatalog; path = Assets.xcassets; sourceTree = "<group>"; };
		6BCEABB92C6111E700AD6F9E /* FlowDetailView.swift */ = {isa = PBXFileReference; fileEncoding = 4; lastKnownFileType = sourcecode.swift; path = FlowDetailView.swift; sourceTree = "<group>"; };
		6BCEABBA2C6111E700AD6F9E /* FlowsTableView.swift */ = {isa = PBXFileReference; fileEncoding = 4; lastKnownFileType = sourcecode.swift; path = FlowsTableView.swift; sourceTree = "<group>"; };
		6BCEABBB2C6111E700AD6F9E /* HomeView.swift */ = {isa = PBXFileReference; fileEncoding = 4; lastKnownFileType = sourcecode.swift; path = HomeView.swift; sourceTree = "<group>"; };
		6BCEABBC2C6111E700AD6F9E /* SettingsView.swift */ = {isa = PBXFileReference; fileEncoding = 4; lastKnownFileType = sourcecode.swift; path = SettingsView.swift; sourceTree = "<group>"; };
		6BCEABBE2C6111E700AD6F9E /* Preview Assets.xcassets */ = {isa = PBXFileReference; lastKnownFileType = folder.assetcatalog; path = "Preview Assets.xcassets"; sourceTree = "<group>"; };
		6BCEABC02C6111E700AD6F9E /* CashflowApp.swift */ = {isa = PBXFileReference; fileEncoding = 4; lastKnownFileType = sourcecode.swift; path = CashflowApp.swift; sourceTree = "<group>"; };
		6BCEABC12C6111E700AD6F9E /* Cashflow.entitlements */ = {isa = PBXFileReference; fileEncoding = 4; lastKnownFileType = text.plist.entitlements; path = Cashflow.entitlements; sourceTree = "<group>"; };
		6BCEABC22C6111E700AD6F9E /* DocumentPicker.swift */ = {isa = PBXFileReference; fileEncoding = 4; lastKnownFileType = sourcecode.swift; path = DocumentPicker.swift; sourceTree = "<group>"; };
		6BCEABC32C6111E700AD6F9E /* Flow.swift */ = {isa = PBXFileReference; fileEncoding = 4; lastKnownFileType = sourcecode.swift; path = Flow.swift; sourceTree = "<group>"; };
		6BCEABC42C6111E700AD6F9E /* FlowStore.swift */ = {isa = PBXFileReference; fileEncoding = 4; lastKnownFileType = sourcecode.swift; path = FlowStore.swift; sourceTree = "<group>"; };
		6BCEABC62C6111E700AD6F9E /* AddNewFlow.swift */ = {isa = PBXFileReference; fileEncoding = 4; lastKnownFileType = sourcecode.swift; path = AddNewFlow.swift; sourceTree = "<group>"; };
		6BCEABC72C6111E700AD6F9E /* TotalAmount.swift */ = {isa = PBXFileReference; fileEncoding = 4; lastKnownFileType = sourcecode.swift; path = TotalAmount.swift; sourceTree = "<group>"; };
		6BCEABD62C61129100AD6F9E /* Cashflowing-Bridging-Header.h */ = {isa = PBXFileReference; lastKnownFileType = sourcecode.c.h; path = "Cashflowing-Bridging-Header.h"; sourceTree = "<group>"; };
/* End PBXFileReference section */

/* Begin PBXFrameworksBuildPhase section */
		6B43E6A32C6111800022ADA6 /* Frameworks */ = {
			isa = PBXFrameworksBuildPhase;
			buildActionMask = 2147483647;
			files = (
			);
			runOnlyForDeploymentPostprocessing = 0;
		};
/* End PBXFrameworksBuildPhase section */

/* Begin PBXGroup section */
		6B43E69D2C6111800022ADA6 = {
			isa = PBXGroup;
			children = (
				6B43E6A82C6111800022ADA6 /* Cashflowing */,
				6B43E6A72C6111800022ADA6 /* Products */,
			);
			sourceTree = "<group>";
		};
		6B43E6A72C6111800022ADA6 /* Products */ = {
			isa = PBXGroup;
			children = (
				6B43E6A62C6111800022ADA6 /* Cashflowing.app */,
			);
			name = Products;
			sourceTree = "<group>";
		};
		6B43E6A82C6111800022ADA6 /* Cashflowing */ = {
			isa = PBXGroup;
			children = (
				6BCEABB62C6111C800AD6F9E /* Assets.xcassets */,
				6BCEABC12C6111E700AD6F9E /* Cashflow.entitlements */,
				6BCEABC02C6111E700AD6F9E /* CashflowApp.swift */,
				6BCEABD62C61129100AD6F9E /* Cashflowing-Bridging-Header.h */,
				6BCEABC82C6111E700AD6F9E /* Components */,
				6BCEABC52C6111E700AD6F9E /* Models */,
				6BCEABBF2C6111E700AD6F9E /* Preview Content */,
				6BCEABBD2C6111E700AD6F9E /* Views */,
			);
			path = Cashflowing;
			sourceTree = "<group>";
		};
		6BCEABBD2C6111E700AD6F9E /* Views */ = {
			isa = PBXGroup;
			children = (
				6BCEABB92C6111E700AD6F9E /* FlowDetailView.swift */,
				6BCEABBA2C6111E700AD6F9E /* FlowsTableView.swift */,
				6BCEABBB2C6111E700AD6F9E /* HomeView.swift */,
				6BCEABBC2C6111E700AD6F9E /* SettingsView.swift */,
			);
			path = Views;
			sourceTree = "<group>";
		};
		6BCEABBF2C6111E700AD6F9E /* Preview Content */ = {
			isa = PBXGroup;
			children = (
				6BCEABBE2C6111E700AD6F9E /* Preview Assets.xcassets */,
			);
			path = "Preview Content";
			sourceTree = "<group>";
		};
		6BCEABC52C6111E700AD6F9E /* Models */ = {
			isa = PBXGroup;
			children = (
				6BCEABC22C6111E700AD6F9E /* DocumentPicker.swift */,
				6BCEABC32C6111E700AD6F9E /* Flow.swift */,
				6BCEABC42C6111E700AD6F9E /* FlowStore.swift */,
			);
			path = Models;
			sourceTree = "<group>";
		};
		6BCEABC82C6111E700AD6F9E /* Components */ = {
			isa = PBXGroup;
			children = (
				6BCEABC62C6111E700AD6F9E /* AddNewFlow.swift */,
				6BCEABC72C6111E700AD6F9E /* TotalAmount.swift */,
			);
			path = Components;
			sourceTree = "<group>";
		};
/* End PBXGroup section */

/* Begin PBXNativeTarget section */
		6B43E6A52C6111800022ADA6 /* Cashflowing */ = {
			isa = PBXNativeTarget;
			buildConfigurationList = 6B43E6B42C6111810022ADA6 /* Build configuration list for PBXNativeTarget "Cashflowing" */;
			buildPhases = (
				6B43E6A22C6111800022ADA6 /* Sources */,
				6B43E6A32C6111800022ADA6 /* Frameworks */,
				6B43E6A42C6111800022ADA6 /* Resources */,
			);
			buildRules = (
			);
			dependencies = (
			);
			name = Cashflowing;
			productName = Cashflowing;
			productReference = 6B43E6A62C6111800022ADA6 /* Cashflowing.app */;
			productType = "com.apple.product-type.application";
		};
/* End PBXNativeTarget section */

/* Begin PBXProject section */
		6B43E69E2C6111800022ADA6 /* Project object */ = {
			isa = PBXProject;
			attributes = {
				BuildIndependentTargetsInParallel = 1;
				LastSwiftUpdateCheck = 1540;
				LastUpgradeCheck = 1540;
				TargetAttributes = {
					6B43E6A52C6111800022ADA6 = {
						CreatedOnToolsVersion = 15.4;
						LastSwiftMigration = 1540;
					};
				};
			};
			buildConfigurationList = 6B43E6A12C6111800022ADA6 /* Build configuration list for PBXProject "Cashflowing" */;
			compatibilityVersion = "Xcode 14.0";
			developmentRegion = en;
			hasScannedForEncodings = 0;
			knownRegions = (
				en,
				Base,
			);
			mainGroup = 6B43E69D2C6111800022ADA6;
			productRefGroup = 6B43E6A72C6111800022ADA6 /* Products */;
			projectDirPath = "";
			projectRoot = "";
			targets = (
				6B43E6A52C6111800022ADA6 /* Cashflowing */,
			);
		};
/* End PBXProject section */

/* Begin PBXResourcesBuildPhase section */
		6B43E6A42C6111800022ADA6 /* Resources */ = {
			isa = PBXResourcesBuildPhase;
			buildActionMask = 2147483647;
			files = (
				6BCEABCE2C6111E700AD6F9E /* Preview Assets.xcassets in Resources */,
				6BCEABB72C6111C800AD6F9E /* Assets.xcassets in Resources */,
			);
			runOnlyForDeploymentPostprocessing = 0;
		};
/* End PBXResourcesBuildPhase section */

/* Begin PBXSourcesBuildPhase section */
		6B43E6A22C6111800022ADA6 /* Sources */ = {
			isa = PBXSourcesBuildPhase;
			buildActionMask = 2147483647;
			files = (
				6BCEABD12C6111E700AD6F9E /* Flow.swift in Sources */,
				6BCEABCC2C6111E700AD6F9E /* HomeView.swift in Sources */,
				6BCEABCD2C6111E700AD6F9E /* SettingsView.swift in Sources */,
				6BCEABCA2C6111E700AD6F9E /* FlowDetailView.swift in Sources */,
				6BCEABCF2C6111E700AD6F9E /* CashflowApp.swift in Sources */,
				6BCEABD32C6111E700AD6F9E /* AddNewFlow.swift in Sources */,
				6BCEABD02C6111E700AD6F9E /* DocumentPicker.swift in Sources */,
				6BCEABCB2C6111E700AD6F9E /* FlowsTableView.swift in Sources */,
				6BCEABD42C6111E700AD6F9E /* TotalAmount.swift in Sources */,
				6BCEABD22C6111E700AD6F9E /* FlowStore.swift in Sources */,
			);
			runOnlyForDeploymentPostprocessing = 0;
		};
/* End PBXSourcesBuildPhase section */

/* Begin XCBuildConfiguration section */
		6B43E6B22C6111810022ADA6 /* Debug */ = {
			isa = XCBuildConfiguration;
			buildSettings = {
				ALWAYS_SEARCH_USER_PATHS = NO;
				ASSETCATALOG_COMPILER_GENERATE_SWIFT_ASSET_SYMBOL_EXTENSIONS = YES;
				CLANG_ANALYZER_NONNULL = YES;
				CLANG_ANALYZER_NUMBER_OBJECT_CONVERSION = YES_AGGRESSIVE;
				CLANG_CXX_LANGUAGE_STANDARD = "gnu++20";
				CLANG_ENABLE_MODULES = YES;
				CLANG_ENABLE_OBJC_ARC = YES;
				CLANG_ENABLE_OBJC_WEAK = YES;
				CLANG_WARN_BLOCK_CAPTURE_AUTORELEASING = YES;
				CLANG_WARN_BOOL_CONVERSION = YES;
				CLANG_WARN_COMMA = YES;
				CLANG_WARN_CONSTANT_CONVERSION = YES;
				CLANG_WARN_DEPRECATED_OBJC_IMPLEMENTATIONS = YES;
				CLANG_WARN_DIRECT_OBJC_ISA_USAGE = YES_ERROR;
				CLANG_WARN_DOCUMENTATION_COMMENTS = YES;
				CLANG_WARN_EMPTY_BODY = YES;
				CLANG_WARN_ENUM_CONVERSION = YES;
				CLANG_WARN_INFINITE_RECURSION = YES;
				CLANG_WARN_INT_CONVERSION = YES;
				CLANG_WARN_NON_LITERAL_NULL_CONVERSION = YES;
				CLANG_WARN_OBJC_IMPLICIT_RETAIN_SELF = YES;
				CLANG_WARN_OBJC_LITERAL_CONVERSION = YES;
				CLANG_WARN_OBJC_ROOT_CLASS = YES_ERROR;
				CLANG_WARN_QUOTED_INCLUDE_IN_FRAMEWORK_HEADER = YES;
				CLANG_WARN_RANGE_LOOP_ANALYSIS = YES;
				CLANG_WARN_STRICT_PROTOTYPES = YES;
				CLANG_WARN_SUSPICIOUS_MOVE = YES;
				CLANG_WARN_UNGUARDED_AVAILABILITY = YES_AGGRESSIVE;
				CLANG_WARN_UNREACHABLE_CODE = YES;
				CLANG_WARN__DUPLICATE_METHOD_MATCH = YES;
				COPY_PHASE_STRIP = NO;
				DEBUG_INFORMATION_FORMAT = dwarf;
				ENABLE_STRICT_OBJC_MSGSEND = YES;
				ENABLE_TESTABILITY = YES;
				ENABLE_USER_SCRIPT_SANDBOXING = YES;
				GCC_C_LANGUAGE_STANDARD = gnu17;
				GCC_DYNAMIC_NO_PIC = NO;
				GCC_NO_COMMON_BLOCKS = YES;
				GCC_OPTIMIZATION_LEVEL = 0;
				GCC_PREPROCESSOR_DEFINITIONS = (
					"DEBUG=1",
					"$(inherited)",
				);
				GCC_WARN_64_TO_32_BIT_CONVERSION = YES;
				GCC_WARN_ABOUT_RETURN_TYPE = YES_ERROR;
				GCC_WARN_UNDECLARED_SELECTOR = YES;
				GCC_WARN_UNINITIALIZED_AUTOS = YES_AGGRESSIVE;
				GCC_WARN_UNUSED_FUNCTION = YES;
				GCC_WARN_UNUSED_VARIABLE = YES;
				IPHONEOS_DEPLOYMENT_TARGET = 17.5;
				LOCALIZATION_PREFERS_STRING_CATALOGS = YES;
				MTL_ENABLE_DEBUG_INFO = INCLUDE_SOURCE;
				MTL_FAST_MATH = YES;
				ONLY_ACTIVE_ARCH = YES;
				SDKROOT = iphoneos;
				SWIFT_ACTIVE_COMPILATION_CONDITIONS = "DEBUG $(inherited)";
				SWIFT_OPTIMIZATION_LEVEL = "-Onone";
			};
			name = Debug;
		};
		6B43E6B32C6111810022ADA6 /* Release */ = {
			isa = XCBuildConfiguration;
			buildSettings = {
				ALWAYS_SEARCH_USER_PATHS = NO;
				ASSETCATALOG_COMPILER_GENERATE_SWIFT_ASSET_SYMBOL_EXTENSIONS = YES;
				CLANG_ANALYZER_NONNULL = YES;
				CLANG_ANALYZER_NUMBER_OBJECT_CONVERSION = YES_AGGRESSIVE;
				CLANG_CXX_LANGUAGE_STANDARD = "gnu++20";
				CLANG_ENABLE_MODULES = YES;
				CLANG_ENABLE_OBJC_ARC = YES;
				CLANG_ENABLE_OBJC_WEAK = YES;
				CLANG_WARN_BLOCK_CAPTURE_AUTORELEASING = YES;
				CLANG_WARN_BOOL_CONVERSION = YES;
				CLANG_WARN_COMMA = YES;
				CLANG_WARN_CONSTANT_CONVERSION = YES;
				CLANG_WARN_DEPRECATED_OBJC_IMPLEMENTATIONS = YES;
				CLANG_WARN_DIRECT_OBJC_ISA_USAGE = YES_ERROR;
				CLANG_WARN_DOCUMENTATION_COMMENTS = YES;
				CLANG_WARN_EMPTY_BODY = YES;
				CLANG_WARN_ENUM_CONVERSION = YES;
				CLANG_WARN_INFINITE_RECURSION = YES;
				CLANG_WARN_INT_CONVERSION = YES;
				CLANG_WARN_NON_LITERAL_NULL_CONVERSION = YES;
				CLANG_WARN_OBJC_IMPLICIT_RETAIN_SELF = YES;
				CLANG_WARN_OBJC_LITERAL_CONVERSION = YES;
				CLANG_WARN_OBJC_ROOT_CLASS = YES_ERROR;
				CLANG_WARN_QUOTED_INCLUDE_IN_FRAMEWORK_HEADER = YES;
				CLANG_WARN_RANGE_LOOP_ANALYSIS = YES;
				CLANG_WARN_STRICT_PROTOTYPES = YES;
				CLANG_WARN_SUSPICIOUS_MOVE = YES;
				CLANG_WARN_UNGUARDED_AVAILABILITY = YES_AGGRESSIVE;
				CLANG_WARN_UNREACHABLE_CODE = YES;
				CLANG_WARN__DUPLICATE_METHOD_MATCH = YES;
				COPY_PHASE_STRIP = NO;
				DEBUG_INFORMATION_FORMAT = "dwarf-with-dsym";
				ENABLE_NS_ASSERTIONS = NO;
				ENABLE_STRICT_OBJC_MSGSEND = YES;
				ENABLE_USER_SCRIPT_SANDBOXING = YES;
				GCC_C_LANGUAGE_STANDARD = gnu17;
				GCC_NO_COMMON_BLOCKS = YES;
				GCC_WARN_64_TO_32_BIT_CONVERSION = YES;
				GCC_WARN_ABOUT_RETURN_TYPE = YES_ERROR;
				GCC_WARN_UNDECLARED_SELECTOR = YES;
				GCC_WARN_UNINITIALIZED_AUTOS = YES_AGGRESSIVE;
				GCC_WARN_UNUSED_FUNCTION = YES;
				GCC_WARN_UNUSED_VARIABLE = YES;
				IPHONEOS_DEPLOYMENT_TARGET = 17.5;
				LOCALIZATION_PREFERS_STRING_CATALOGS = YES;
				MTL_ENABLE_DEBUG_INFO = NO;
				MTL_FAST_MATH = YES;
				SDKROOT = iphoneos;
				SWIFT_COMPILATION_MODE = wholemodule;
				VALIDATE_PRODUCT = YES;
			};
			name = Release;
		};
		6B43E6B52C6111810022ADA6 /* Debug */ = {
			isa = XCBuildConfiguration;
			buildSettings = {
				ASSETCATALOG_COMPILER_APPICON_NAME = AppIcon;
				ASSETCATALOG_COMPILER_GLOBAL_ACCENT_COLOR_NAME = AccentColor;
				CLANG_ENABLE_MODULES = YES;
				CODE_SIGN_STYLE = Automatic;
				CURRENT_PROJECT_VERSION = 1;
				DEVELOPMENT_ASSET_PATHS = "\"Cashflowing/Preview Content\"";
				DEVELOPMENT_TEAM = 444Z59H93A;
				ENABLE_PREVIEWS = YES;
				GENERATE_INFOPLIST_FILE = YES;
				INFOPLIST_KEY_UIApplicationSceneManifest_Generation = YES;
				INFOPLIST_KEY_UIApplicationSupportsIndirectInputEvents = YES;
				INFOPLIST_KEY_UILaunchScreen_Generation = YES;
				INFOPLIST_KEY_UISupportedInterfaceOrientations_iPad = "UIInterfaceOrientationPortrait UIInterfaceOrientationPortraitUpsideDown UIInterfaceOrientationLandscapeLeft UIInterfaceOrientationLandscapeRight";
				INFOPLIST_KEY_UISupportedInterfaceOrientations_iPhone = "UIInterfaceOrientationPortrait UIInterfaceOrientationLandscapeLeft UIInterfaceOrientationLandscapeRight";
				LD_RUNPATH_SEARCH_PATHS = (
					"$(inherited)",
					"@executable_path/Frameworks",
				);
				MARKETING_VERSION = 1.1;
				PRODUCT_BUNDLE_IDENTIFIER = com.gg.Cashflowing;
				PRODUCT_NAME = "$(TARGET_NAME)";
				SWIFT_EMIT_LOC_STRINGS = YES;
				SWIFT_OBJC_BRIDGING_HEADER = "Cashflowing/Cashflowing-Bridging-Header.h";
				SWIFT_OPTIMIZATION_LEVEL = "-Onone";
				SWIFT_VERSION = 5.0;
				TARGETED_DEVICE_FAMILY = "1,2";
			};
			name = Debug;
		};
		6B43E6B62C6111810022ADA6 /* Release */ = {
			isa = XCBuildConfiguration;
			buildSettings = {
				ASSETCATALOG_COMPILER_APPICON_NAME = AppIcon;
				ASSETCATALOG_COMPILER_GLOBAL_ACCENT_COLOR_NAME = AccentColor;
				CLANG_ENABLE_MODULES = YES;
				CODE_SIGN_STYLE = Automatic;
				CURRENT_PROJECT_VERSION = 1;
				DEVELOPMENT_ASSET_PATHS = "\"Cashflowing/Preview Content\"";
				DEVELOPMENT_TEAM = 444Z59H93A;
				ENABLE_PREVIEWS = YES;
				GENERATE_INFOPLIST_FILE = YES;
				INFOPLIST_KEY_UIApplicationSceneManifest_Generation = YES;
				INFOPLIST_KEY_UIApplicationSupportsIndirectInputEvents = YES;
				INFOPLIST_KEY_UILaunchScreen_Generation = YES;
				INFOPLIST_KEY_UISupportedInterfaceOrientations_iPad = "UIInterfaceOrientationPortrait UIInterfaceOrientationPortraitUpsideDown UIInterfaceOrientationLandscapeLeft UIInterfaceOrientationLandscapeRight";
				INFOPLIST_KEY_UISupportedInterfaceOrientations_iPhone = "UIInterfaceOrientationPortrait UIInterfaceOrientationLandscapeLeft UIInterfaceOrientationLandscapeRight";
				LD_RUNPATH_SEARCH_PATHS = (
					"$(inherited)",
					"@executable_path/Frameworks",
				);
				MARKETING_VERSION = 1.1;
				PRODUCT_BUNDLE_IDENTIFIER = com.gg.Cashflowing;
				PRODUCT_NAME = "$(TARGET_NAME)";
				SWIFT_EMIT_LOC_STRINGS = YES;
				SWIFT_OBJC_BRIDGING_HEADER = "Cashflowing/Cashflowing-Bridging-Header.h";
				SWIFT_VERSION = 5.0;
				TARGETED_DEVICE_FAMILY = "1,2";
			};
			name = Release;
		};
/* End XCBuildConfiguration section */

/* Begin XCConfigurationList section */
		6B43E6A12C6111800022ADA6 /* Build configuration list for PBXProject "Cashflowing" */ = {
			isa = XCConfigurationList;
			buildConfigurations = (
				6B43E6B22C6111810022ADA6 /* Debug */,
				6B43E6B32C6111810022ADA6 /* Release */,
			);
			defaultConfigurationIsVisible = 0;
			defaultConfigurationName = Release;
		};
		6B43E6B42C6111810022ADA6 /* Build configuration list for PBXNativeTarget "Cashflowing" */ = {
			isa = XCConfigurationList;
			buildConfigurations = (
				6B43E6B52C6111810022ADA6 /* Debug */,
				6B43E6B62C6111810022ADA6 /* Release */,
			);
			defaultConfigurationIsVisible = 0;
			defaultConfigurationName = Release;
		};
/* End XCConfigurationList section */
	};
	rootObject = 6B43E69E2C6111800022ADA6 /* Project object */;
}
